{
  "version": 4,
  "terraform_version": "1.4.2",
  "serial": 86,
  "lineage": "27887af6-0965-4841-d66d-7fe7065ab094",
  "outputs": {
    "docdb_endpoint_url": {
      "value": "mongodb://root:Glamecommerce123@glamecommerce-docdb-instance.cf6vaav49w2p.ap-southeast-1.docdb.amazonaws.com:27017/ecommerce?tls=true\u0026tlsCAFile=rds-combined-ca-bundle.pem\u0026retryWrites=false",
      "type": "string"
    }
  },
  "resources": [
    {
      "mode": "managed",
      "type": "aws_codepipeline",
      "name": "glam_client",
      "provider": "provider[\"registry.terraform.io/hashicorp/aws\"]",
      "instances": []
    },
    {
      "mode": "managed",
      "type": "aws_codepipeline",
      "name": "glam_server",
      "provider": "provider[\"registry.terraform.io/hashicorp/aws\"]",
      "instances": []
    },
    {
      "mode": "managed",
      "type": "aws_db_subnet_group",
      "name": "my_subnet_group",
      "provider": "provider[\"registry.terraform.io/hashicorp/aws\"]",
      "instances": [
        {
          "schema_version": 0,
          "attributes": {
            "arn": "arn:aws:rds:ap-southeast-1:557048361311:subgrp:my-subnet-group",
            "description": "Managed by Terraform",
            "id": "my-subnet-group",
            "name": "my-subnet-group",
            "name_prefix": "",
            "subnet_ids": [
              "subnet-07d6d8709efe730bb",
              "subnet-0b008c13134733526"
            ],
            "supported_network_types": [
              "IPV4"
            ],
            "tags": {},
            "tags_all": {}
          },
          "sensitive_attributes": [],
          "private": "bnVsbA==",
          "dependencies": [
            "aws_subnet.my_subnet_a",
            "aws_subnet.my_subnet_b",
            "aws_vpc.my_vpc"
          ]
        }
      ]
    },
    {
      "mode": "managed",
      "type": "aws_docdb_cluster",
      "name": "glamecommerce_db_cluster",
      "provider": "provider[\"registry.terraform.io/hashicorp/aws\"]",
      "instances": [
        {
          "schema_version": 0,
          "attributes": {
            "apply_immediately": null,
            "arn": "arn:aws:rds:ap-southeast-1:557048361311:cluster:glamecommerce-cluster",
            "availability_zones": [
              "ap-southeast-1a",
              "ap-southeast-1b",
              "ap-southeast-1c"
            ],
            "backup_retention_period": 1,
            "cluster_identifier": "glamecommerce-cluster",
            "cluster_identifier_prefix": null,
            "cluster_members": [],
            "cluster_resource_id": "cluster-DTJBCIZQ7MPQNFA3FF4ZOVYXVU",
            "db_cluster_parameter_group_name": "default.docdb4.0",
            "db_subnet_group_name": "my-subnet-group",
            "deletion_protection": false,
            "enabled_cloudwatch_logs_exports": null,
            "endpoint": "glamecommerce-cluster.cluster-cf6vaav49w2p.ap-southeast-1.docdb.amazonaws.com",
            "engine": "docdb",
            "engine_version": "4.0.0",
            "final_snapshot_identifier": null,
            "global_cluster_identifier": "",
            "hosted_zone_id": "Z33Z2XH1NDIA3M",
            "id": "glamecommerce-cluster",
            "kms_key_id": "",
            "master_password": "Glamecommerce123",
            "master_username": "root",
            "port": 27017,
            "preferred_backup_window": "20:57-21:27",
            "preferred_maintenance_window": "sat:14:36-sat:15:06",
            "reader_endpoint": "glamecommerce-cluster.cluster-ro-cf6vaav49w2p.ap-southeast-1.docdb.amazonaws.com",
            "skip_final_snapshot": false,
            "snapshot_identifier": null,
            "storage_encrypted": false,
            "tags": null,
            "tags_all": {},
            "timeouts": null,
            "vpc_security_group_ids": [
              "sg-02474a72683ead610"
            ]
          },
          "sensitive_attributes": [],
          "private": "eyJlMmJmYjczMC1lY2FhLTExZTYtOGY4OC0zNDM2M2JjN2M0YzAiOnsiY3JlYXRlIjo3MjAwMDAwMDAwMDAwLCJkZWxldGUiOjcyMDAwMDAwMDAwMDAsInVwZGF0ZSI6NzIwMDAwMDAwMDAwMH19",
          "dependencies": [
            "aws_db_subnet_group.my_subnet_group",
            "aws_security_group.docdb_sg"
          ]
        }
      ]
    },
    {
      "mode": "managed",
      "type": "aws_docdb_cluster_instance",
      "name": "glamecommerce_db_instance",
      "provider": "provider[\"registry.terraform.io/hashicorp/aws\"]",
      "instances": [
        {
          "schema_version": 0,
          "attributes": {
            "apply_immediately": true,
            "arn": "arn:aws:rds:ap-southeast-1:557048361311:db:glamecommerce-docdb-instance",
            "auto_minor_version_upgrade": true,
            "availability_zone": "ap-southeast-1a",
            "ca_cert_identifier": "rds-ca-2019",
            "cluster_identifier": "glamecommerce-cluster",
            "db_subnet_group_name": "my-subnet-group",
            "dbi_resource_id": "db-7B4ALEUMFXSGR2W43XN76R6Z3U",
            "enable_performance_insights": null,
            "endpoint": "glamecommerce-docdb-instance.cf6vaav49w2p.ap-southeast-1.docdb.amazonaws.com",
            "engine": "docdb",
            "engine_version": "4.0.0",
            "id": "glamecommerce-docdb-instance",
            "identifier": "glamecommerce-docdb-instance",
            "identifier_prefix": null,
            "instance_class": "db.t4g.medium",
            "kms_key_id": "",
            "performance_insights_kms_key_id": null,
            "port": 27017,
            "preferred_backup_window": "20:57-21:27",
            "preferred_maintenance_window": "sun:03:00-sun:04:00",
            "promotion_tier": 0,
            "publicly_accessible": false,
            "storage_encrypted": false,
            "tags": null,
            "tags_all": {},
            "timeouts": null,
            "writer": true
          },
          "sensitive_attributes": [],
          "private": "eyJlMmJmYjczMC1lY2FhLTExZTYtOGY4OC0zNDM2M2JjN2M0YzAiOnsiY3JlYXRlIjo1NDAwMDAwMDAwMDAwLCJkZWxldGUiOjU0MDAwMDAwMDAwMDAsInVwZGF0ZSI6NTQwMDAwMDAwMDAwMH19",
          "dependencies": [
            "aws_db_subnet_group.my_subnet_group",
            "aws_docdb_cluster.glamecommerce_db_cluster",
            "aws_security_group.docdb_sg"
          ]
        }
      ]
    },
    {
      "mode": "managed",
      "type": "aws_elastic_beanstalk_application",
      "name": "client_app",
      "provider": "provider[\"registry.terraform.io/hashicorp/aws\"]",
      "instances": [
        {
          "schema_version": 0,
          "attributes": {
            "appversion_lifecycle": [],
            "arn": "arn:aws:elasticbeanstalk:ap-southeast-1:557048361311:application/glam-docker-client-eb",
            "description": "",
            "id": "glam-docker-client-eb",
            "name": "glam-docker-client-eb",
            "tags": null,
            "tags_all": {}
          },
          "sensitive_attributes": [],
          "private": "bnVsbA=="
        }
      ]
    },
    {
      "mode": "managed",
      "type": "aws_elastic_beanstalk_application",
      "name": "server_app",
      "provider": "provider[\"registry.terraform.io/hashicorp/aws\"]",
      "instances": [
        {
          "schema_version": 0,
          "attributes": {
            "appversion_lifecycle": [],
            "arn": "arn:aws:elasticbeanstalk:ap-southeast-1:557048361311:application/glam-docker-server-eb",
            "description": "",
            "id": "glam-docker-server-eb",
            "name": "glam-docker-server-eb",
            "tags": null,
            "tags_all": {}
          },
          "sensitive_attributes": [],
          "private": "bnVsbA=="
        }
      ]
    },
    {
      "mode": "managed",
      "type": "aws_elastic_beanstalk_environment",
      "name": "client_production_env",
      "provider": "provider[\"registry.terraform.io/hashicorp/aws\"]",
      "instances": []
    },
    {
      "mode": "managed",
      "type": "aws_elastic_beanstalk_environment",
      "name": "client_staging_env",
      "provider": "provider[\"registry.terraform.io/hashicorp/aws\"]",
      "instances": []
    },
    {
      "mode": "managed",
      "type": "aws_elastic_beanstalk_environment",
      "name": "server_production_env",
      "provider": "provider[\"registry.terraform.io/hashicorp/aws\"]",
      "instances": [
        {
          "status": "tainted",
          "schema_version": 1,
          "attributes": {
            "all_settings": [],
            "application": "glam-docker-server-eb",
            "arn": null,
            "autoscaling_groups": null,
            "cname": null,
            "cname_prefix": null,
            "description": null,
            "endpoint_url": null,
            "id": "e-dcrx2xzxce",
            "instances": null,
            "launch_configurations": null,
            "load_balancers": null,
            "name": "glam-docker-server-eb-env-production",
            "platform_arn": null,
            "poll_interval": null,
            "queues": null,
            "setting": [
              {
                "name": "BRAINTREE_MERCHANT_ID",
                "namespace": "aws:elasticbeanstalk:application:environment",
                "resource": "",
                "value": "3wv8zr3vrx5y2h8b"
              },
              {
                "name": "BRAINTREE_PRIVATE_KEY",
                "namespace": "aws:elasticbeanstalk:application:environment",
                "resource": "",
                "value": "a5df57ceeb3919851d4cd2f8c51db3a5"
              },
              {
                "name": "BRAINTREE_PUBLIC_KEY",
                "namespace": "aws:elasticbeanstalk:application:environment",
                "resource": "",
                "value": "sd25mjxk4hhw9t7r"
              },
              {
                "name": "CodePipelineS3Bucket",
                "namespace": "aws:elasticbeanstalk:environment:process:default",
                "resource": "",
                "value": "codepipeline-ap-southeast-1-814300243622"
              },
              {
                "name": "CodePipelineServiceRoleArn",
                "namespace": "aws:elasticbeanstalk:environment:process:default",
                "resource": "",
                "value": "arn:aws:iam::557048361311:role/service-role/AWSCodePipelineServiceRole-ap-southeast-1-glam-server-codepipel"
              },
              {
                "name": "DATABASE",
                "namespace": "aws:elasticbeanstalk:application:environment",
                "resource": "",
                "value": "glamecommerce-docdb-instance.cf6vaav49w2p.ap-southeast-1.docdb.amazonaws.com"
              },
              {
                "name": "DD_AGENT_MAJOR_VERSION",
                "namespace": "aws:elasticbeanstalk:application:environment",
                "resource": "",
                "value": "7"
              },
              {
                "name": "DD_AGENT_MINOR_VERSION",
                "namespace": "aws:elasticbeanstalk:application:environment",
                "resource": "",
                "value": ""
              },
              {
                "name": "IamInstanceProfile",
                "namespace": "aws:autoscaling:launchconfiguration",
                "resource": "",
                "value": "beanstalk-instance-profile"
              },
              {
                "name": "PORT",
                "namespace": "aws:elasticbeanstalk:application:environment",
                "resource": "",
                "value": "80"
              },
              {
                "name": "Subnets",
                "namespace": "aws:ec2:vpc",
                "resource": "",
                "value": "subnet-0b008c13134733526,subnet-07d6d8709efe730bb"
              },
              {
                "name": "VPCId",
                "namespace": "aws:ec2:vpc",
                "resource": "",
                "value": "vpc-09b3ff552a8aac52c"
              }
            ],
            "solution_stack_name": "64bit Amazon Linux 2 v3.5.5 running Docker",
            "tags": null,
            "tags_all": null,
            "template_name": null,
            "tier": "WebServer",
            "triggers": null,
            "version_label": null,
            "wait_for_ready_timeout": "20m"
          },
          "sensitive_attributes": [],
          "private": "eyJzY2hlbWFfdmVyc2lvbiI6IjEifQ==",
          "dependencies": [
            "aws_db_subnet_group.my_subnet_group",
            "aws_docdb_cluster.glamecommerce_db_cluster",
            "aws_docdb_cluster_instance.glamecommerce_db_instance",
            "aws_elastic_beanstalk_application.server_app",
            "aws_iam_instance_profile.beanstalk_instance_profile",
            "aws_iam_role.beanstalk_instance_role",
            "aws_security_group.docdb_sg",
            "aws_subnet.my_subnet_a",
            "aws_subnet.my_subnet_b",
            "aws_vpc.my_vpc"
          ]
        }
      ]
    },
    {
      "mode": "managed",
      "type": "aws_elastic_beanstalk_environment",
      "name": "server_staging_env",
      "provider": "provider[\"registry.terraform.io/hashicorp/aws\"]",
      "instances": [
        {
          "status": "tainted",
          "schema_version": 1,
          "attributes": {
            "all_settings": [],
            "application": "glam-docker-server-eb",
            "arn": null,
            "autoscaling_groups": null,
            "cname": null,
            "cname_prefix": null,
            "description": null,
            "endpoint_url": null,
            "id": "e-trrx2c2deb",
            "instances": null,
            "launch_configurations": null,
            "load_balancers": null,
            "name": "glam-docker-server-eb-env-staging",
            "platform_arn": null,
            "poll_interval": null,
            "queues": null,
            "setting": [
              {
                "name": "BRAINTREE_MERCHANT_ID",
                "namespace": "aws:elasticbeanstalk:application:environment",
                "resource": "",
                "value": "3wv8zr3vrx5y2h8b"
              },
              {
                "name": "BRAINTREE_PRIVATE_KEY",
                "namespace": "aws:elasticbeanstalk:application:environment",
                "resource": "",
                "value": "a5df57ceeb3919851d4cd2f8c51db3a5"
              },
              {
                "name": "BRAINTREE_PUBLIC_KEY",
                "namespace": "aws:elasticbeanstalk:application:environment",
                "resource": "",
                "value": "sd25mjxk4hhw9t7r"
              },
              {
                "name": "CodePipelineS3Bucket",
                "namespace": "aws:elasticbeanstalk:environment:process:default",
                "resource": "",
                "value": "codepipeline-ap-southeast-1-814300243622"
              },
              {
                "name": "CodePipelineServiceRoleArn",
                "namespace": "aws:elasticbeanstalk:environment:process:default",
                "resource": "",
                "value": "arn:aws:iam::557048361311:role/service-role/AWSCodePipelineServiceRole-ap-southeast-1-glam-server-codepipel"
              },
              {
                "name": "DATABASE",
                "namespace": "aws:elasticbeanstalk:application:environment",
                "resource": "",
                "value": "glamecommerce-docdb-instance.cf6vaav49w2p.ap-southeast-1.docdb.amazonaws.com"
              },
              {
                "name": "DD_AGENT_MAJOR_VERSION",
                "namespace": "aws:elasticbeanstalk:application:environment",
                "resource": "",
                "value": "7"
              },
              {
                "name": "DD_AGENT_MINOR_VERSION",
                "namespace": "aws:elasticbeanstalk:application:environment",
                "resource": "",
                "value": ""
              },
              {
                "name": "IamInstanceProfile",
                "namespace": "aws:autoscaling:launchconfiguration",
                "resource": "",
                "value": "beanstalk-instance-profile"
              },
              {
                "name": "PORT",
                "namespace": "aws:elasticbeanstalk:application:environment",
                "resource": "",
                "value": "80"
              },
              {
                "name": "Subnets",
                "namespace": "aws:ec2:vpc",
                "resource": "",
                "value": "subnet-0b008c13134733526,subnet-07d6d8709efe730bb"
              },
              {
                "name": "VPCId",
                "namespace": "aws:ec2:vpc",
                "resource": "",
                "value": "vpc-09b3ff552a8aac52c"
              }
            ],
            "solution_stack_name": "64bit Amazon Linux 2 v3.5.5 running Docker",
            "tags": null,
            "tags_all": null,
            "template_name": null,
            "tier": "WebServer",
            "triggers": null,
            "version_label": null,
            "wait_for_ready_timeout": "20m"
          },
          "sensitive_attributes": [],
          "private": "eyJzY2hlbWFfdmVyc2lvbiI6IjEifQ==",
          "dependencies": [
            "aws_db_subnet_group.my_subnet_group",
            "aws_docdb_cluster.glamecommerce_db_cluster",
            "aws_docdb_cluster_instance.glamecommerce_db_instance",
            "aws_elastic_beanstalk_application.server_app",
            "aws_iam_instance_profile.beanstalk_instance_profile",
            "aws_iam_role.beanstalk_instance_role",
            "aws_security_group.docdb_sg",
            "aws_subnet.my_subnet_a",
            "aws_subnet.my_subnet_b",
            "aws_vpc.my_vpc"
          ]
        }
      ]
    },
    {
      "mode": "managed",
      "type": "aws_iam_instance_profile",
      "name": "beanstalk_instance_profile",
      "provider": "provider[\"registry.terraform.io/hashicorp/aws\"]",
      "instances": [
        {
          "schema_version": 0,
          "attributes": {
            "arn": "arn:aws:iam::557048361311:instance-profile/beanstalk-instance-profile",
            "create_date": "2023-04-01T11:08:20Z",
            "id": "beanstalk-instance-profile",
            "name": "beanstalk-instance-profile",
            "name_prefix": "",
            "path": "/",
            "role": "beanstalk-instance-role",
            "tags": null,
            "tags_all": {},
            "unique_id": "AIPAYDMVLOFPTBFIEZIWJ"
          },
          "sensitive_attributes": [],
          "private": "bnVsbA==",
          "dependencies": [
            "aws_iam_role.beanstalk_instance_role"
          ]
        }
      ]
    },
    {
      "mode": "managed",
      "type": "aws_iam_instance_profile",
      "name": "my_instance_profile",
      "provider": "provider[\"registry.terraform.io/hashicorp/aws\"]",
      "instances": [
        {
          "status": "tainted",
          "schema_version": 0,
          "attributes": {
            "arn": "arn:aws:iam::557048361311:instance-profile/terraform-instance-profile",
            "create_date": "2023-04-01T08:56:33Z",
            "id": "terraform-instance-profile",
            "name": "terraform-instance-profile",
            "name_prefix": "",
            "path": "/",
            "role": "arn:aws:iam::557048361311:role/aws-elasticbeanstalk-ec2-role",
            "tags": {},
            "tags_all": {},
            "unique_id": "AIPAYDMVLOFPZUBPI3TUF"
          },
          "sensitive_attributes": [],
          "private": "bnVsbA==",
          "dependencies": [
            "aws_iam_role.my_role",
            "data.aws_iam_role.my_existing_role"
          ]
        }
      ]
    },
    {
      "mode": "managed",
      "type": "aws_iam_role",
      "name": "beanstalk_instance_role",
      "provider": "provider[\"registry.terraform.io/hashicorp/aws\"]",
      "instances": [
        {
          "schema_version": 0,
          "attributes": {
            "arn": "arn:aws:iam::557048361311:role/beanstalk-instance-role",
            "assume_role_policy": "{\"Statement\":[{\"Action\":\"sts:AssumeRole\",\"Effect\":\"Allow\",\"Principal\":{\"Service\":\"ec2.amazonaws.com\"}}],\"Version\":\"2012-10-17\"}",
            "create_date": "2023-04-01T11:08:19Z",
            "description": "",
            "force_detach_policies": false,
            "id": "beanstalk-instance-role",
            "inline_policy": [],
            "managed_policy_arns": [],
            "max_session_duration": 3600,
            "name": "beanstalk-instance-role",
            "name_prefix": "",
            "path": "/",
            "permissions_boundary": null,
            "tags": null,
            "tags_all": {},
            "unique_id": "AROAYDMVLOFPVIQN7ZBUC"
          },
          "sensitive_attributes": [],
          "private": "bnVsbA=="
        }
      ]
    },
    {
      "mode": "managed",
      "type": "aws_iam_role",
      "name": "my_role",
      "provider": "provider[\"registry.terraform.io/hashicorp/aws\"]",
      "instances": []
    },
    {
      "mode": "managed",
      "type": "aws_internet_gateway",
      "name": "gw",
      "provider": "provider[\"registry.terraform.io/hashicorp/aws\"]",
      "instances": [
        {
          "schema_version": 0,
          "attributes": {
            "arn": "arn:aws:ec2:ap-southeast-1:557048361311:internet-gateway/igw-059a08c26915faa1d",
            "id": "igw-059a08c26915faa1d",
            "owner_id": "557048361311",
            "tags": null,
            "tags_all": {},
            "timeouts": null,
            "vpc_id": "vpc-09b3ff552a8aac52c"
          },
          "sensitive_attributes": [],
          "private": "eyJlMmJmYjczMC1lY2FhLTExZTYtOGY4OC0zNDM2M2JjN2M0YzAiOnsiY3JlYXRlIjoxMjAwMDAwMDAwMDAwLCJkZWxldGUiOjEyMDAwMDAwMDAwMDAsInVwZGF0ZSI6MTIwMDAwMDAwMDAwMH19",
          "dependencies": [
            "aws_vpc.my_vpc"
          ]
        }
      ]
    },
    {
      "mode": "managed",
      "type": "aws_route_table",
      "name": "public",
      "provider": "provider[\"registry.terraform.io/hashicorp/aws\"]",
      "instances": [
        {
          "schema_version": 0,
          "attributes": {
            "arn": "arn:aws:ec2:ap-southeast-1:557048361311:route-table/rtb-099caea197d4bed26",
            "id": "rtb-099caea197d4bed26",
            "owner_id": "557048361311",
            "propagating_vgws": [],
            "route": [
              {
                "carrier_gateway_id": "",
                "cidr_block": "0.0.0.0/0",
                "core_network_arn": "",
                "destination_prefix_list_id": "",
                "egress_only_gateway_id": "",
                "gateway_id": "igw-059a08c26915faa1d",
                "instance_id": "",
                "ipv6_cidr_block": "",
                "local_gateway_id": "",
                "nat_gateway_id": "",
                "network_interface_id": "",
                "transit_gateway_id": "",
                "vpc_endpoint_id": "",
                "vpc_peering_connection_id": ""
              }
            ],
            "tags": null,
            "tags_all": {},
            "timeouts": null,
            "vpc_id": "vpc-09b3ff552a8aac52c"
          },
          "sensitive_attributes": [],
          "private": "eyJlMmJmYjczMC1lY2FhLTExZTYtOGY4OC0zNDM2M2JjN2M0YzAiOnsiY3JlYXRlIjozMDAwMDAwMDAwMDAsImRlbGV0ZSI6MzAwMDAwMDAwMDAwLCJ1cGRhdGUiOjEyMDAwMDAwMDAwMH19",
          "dependencies": [
            "aws_internet_gateway.gw",
            "aws_vpc.my_vpc"
          ]
        }
      ]
    },
    {
      "mode": "managed",
      "type": "aws_route_table_association",
      "name": "public",
      "provider": "provider[\"registry.terraform.io/hashicorp/aws\"]",
      "instances": []
    },
    {
      "mode": "managed",
      "type": "aws_security_group",
      "name": "docdb_sg",
      "provider": "provider[\"registry.terraform.io/hashicorp/aws\"]",
      "instances": [
        {
          "schema_version": 1,
          "attributes": {
            "arn": "arn:aws:ec2:ap-southeast-1:557048361311:security-group/sg-02474a72683ead610",
            "description": "Managed by Terraform",
            "egress": [],
            "id": "sg-02474a72683ead610",
            "ingress": [
              {
                "cidr_blocks": [
                  "0.0.0.0/0"
                ],
                "description": "",
                "from_port": 27017,
                "ipv6_cidr_blocks": [],
                "prefix_list_ids": [],
                "protocol": "tcp",
                "security_groups": [],
                "self": false,
                "to_port": 27017
              }
            ],
            "name": "docdb-sg20230401075255839400000001",
            "name_prefix": "docdb-sg",
            "owner_id": "557048361311",
            "revoke_rules_on_delete": false,
            "tags": {},
            "tags_all": {},
            "timeouts": null,
            "vpc_id": "vpc-09b3ff552a8aac52c"
          },
          "sensitive_attributes": [],
          "private": "eyJlMmJmYjczMC1lY2FhLTExZTYtOGY4OC0zNDM2M2JjN2M0YzAiOnsiY3JlYXRlIjo2MDAwMDAwMDAwMDAsImRlbGV0ZSI6OTAwMDAwMDAwMDAwfSwic2NoZW1hX3ZlcnNpb24iOiIxIn0=",
          "dependencies": [
            "aws_vpc.my_vpc"
          ]
        }
      ]
    },
    {
      "mode": "managed",
      "type": "aws_subnet",
      "name": "my_subnet_a",
      "provider": "provider[\"registry.terraform.io/hashicorp/aws\"]",
      "instances": [
        {
          "schema_version": 1,
          "attributes": {
            "arn": "arn:aws:ec2:ap-southeast-1:557048361311:subnet/subnet-0b008c13134733526",
            "assign_ipv6_address_on_creation": false,
            "availability_zone": "ap-southeast-1a",
            "availability_zone_id": "apse1-az1",
            "cidr_block": "10.0.1.0/24",
            "customer_owned_ipv4_pool": "",
            "enable_dns64": false,
            "enable_resource_name_dns_a_record_on_launch": false,
            "enable_resource_name_dns_aaaa_record_on_launch": false,
            "id": "subnet-0b008c13134733526",
            "ipv6_cidr_block": "",
            "ipv6_cidr_block_association_id": "",
            "ipv6_native": false,
            "map_customer_owned_ip_on_launch": false,
            "map_public_ip_on_launch": false,
            "outpost_arn": "",
            "owner_id": "557048361311",
            "private_dns_hostname_type_on_launch": "ip-name",
            "tags": {},
            "tags_all": {},
            "timeouts": null,
            "vpc_id": "vpc-09b3ff552a8aac52c"
          },
          "sensitive_attributes": [],
          "private": "eyJlMmJmYjczMC1lY2FhLTExZTYtOGY4OC0zNDM2M2JjN2M0YzAiOnsiY3JlYXRlIjo2MDAwMDAwMDAwMDAsImRlbGV0ZSI6MTIwMDAwMDAwMDAwMH0sInNjaGVtYV92ZXJzaW9uIjoiMSJ9",
          "dependencies": [
            "aws_vpc.my_vpc"
          ]
        }
      ]
    },
    {
      "mode": "managed",
      "type": "aws_subnet",
      "name": "my_subnet_b",
      "provider": "provider[\"registry.terraform.io/hashicorp/aws\"]",
      "instances": [
        {
          "schema_version": 1,
          "attributes": {
            "arn": "arn:aws:ec2:ap-southeast-1:557048361311:subnet/subnet-07d6d8709efe730bb",
            "assign_ipv6_address_on_creation": false,
            "availability_zone": "ap-southeast-1b",
            "availability_zone_id": "apse1-az2",
            "cidr_block": "10.0.2.0/24",
            "customer_owned_ipv4_pool": "",
            "enable_dns64": false,
            "enable_resource_name_dns_a_record_on_launch": false,
            "enable_resource_name_dns_aaaa_record_on_launch": false,
            "id": "subnet-07d6d8709efe730bb",
            "ipv6_cidr_block": "",
            "ipv6_cidr_block_association_id": "",
            "ipv6_native": false,
            "map_customer_owned_ip_on_launch": false,
            "map_public_ip_on_launch": false,
            "outpost_arn": "",
            "owner_id": "557048361311",
            "private_dns_hostname_type_on_launch": "ip-name",
            "tags": {},
            "tags_all": {},
            "timeouts": null,
            "vpc_id": "vpc-09b3ff552a8aac52c"
          },
          "sensitive_attributes": [],
          "private": "eyJlMmJmYjczMC1lY2FhLTExZTYtOGY4OC0zNDM2M2JjN2M0YzAiOnsiY3JlYXRlIjo2MDAwMDAwMDAwMDAsImRlbGV0ZSI6MTIwMDAwMDAwMDAwMH0sInNjaGVtYV92ZXJzaW9uIjoiMSJ9",
          "dependencies": [
            "aws_vpc.my_vpc"
          ]
        }
      ]
    },
    {
      "mode": "managed",
      "type": "aws_vpc",
      "name": "my_vpc",
      "provider": "provider[\"registry.terraform.io/hashicorp/aws\"]",
      "instances": [
        {
          "schema_version": 1,
          "attributes": {
            "arn": "arn:aws:ec2:ap-southeast-1:557048361311:vpc/vpc-09b3ff552a8aac52c",
            "assign_generated_ipv6_cidr_block": false,
            "cidr_block": "10.0.0.0/16",
            "default_network_acl_id": "acl-01b2fdaded1bad6ba",
            "default_route_table_id": "rtb-093c553c74a383d4b",
            "default_security_group_id": "sg-07b187fa8cd015a1b",
            "dhcp_options_id": "dopt-0663a06f385124cf6",
            "enable_classiclink": false,
            "enable_classiclink_dns_support": false,
            "enable_dns_hostnames": true,
            "enable_dns_support": true,
            "enable_network_address_usage_metrics": false,
            "id": "vpc-09b3ff552a8aac52c",
            "instance_tenancy": "default",
            "ipv4_ipam_pool_id": null,
            "ipv4_netmask_length": null,
            "ipv6_association_id": "",
            "ipv6_cidr_block": "",
            "ipv6_cidr_block_network_border_group": "",
            "ipv6_ipam_pool_id": "",
            "ipv6_netmask_length": 0,
            "main_route_table_id": "rtb-093c553c74a383d4b",
            "owner_id": "557048361311",
            "tags": {
              "Name": "terraform-vpc"
            },
            "tags_all": {
              "Name": "terraform-vpc"
            }
          },
          "sensitive_attributes": [],
          "private": "eyJzY2hlbWFfdmVyc2lvbiI6IjEifQ=="
        }
      ]
    }
  ],
  "check_results": null
}
